hash: 70df60d1888ec09ce0f735ecd45f97a1269a6496de334b60eb36d7fc4a289f94
updated: 2019-04-19T14:24:31.993219+03:00
imports:
- name: github.com/allegro/bigcache
  version: e24eb225f15679bbe54f91bfa7da3b00e59b9768
  subpackages:
  - queue
- name: github.com/aristanetworks/goarista
  version: 55bc7be9dd319639e5b8f276d66d76dd006df2d1
  subpackages:
  - monotime
- name: github.com/btcsuite/btcd
  version: 6867ff32788a1beb9d148e414d7f84f50958f0d2
  subpackages:
  - btcec
- name: github.com/deckarep/golang-set
  version: 699df6a3acf6867538e50931511e9dc403da108a
- name: github.com/edsrzf/mmap-go
  version: 904c4ced31cdffe19e971afa0b3d319ff06d9c72
- name: github.com/ethereum/go-ethereum
  version: 4bcc0a37ab70cb79b16893556cffdaad6974e7d8
  subpackages:
  - accounts
  - accounts/abi
  - accounts/abi/bind
  - accounts/abi/bind/backends
  - accounts/keystore
  - common
  - common/bitutil
  - common/hexutil
  - common/math
  - common/mclock
  - common/prque
  - consensus
  - consensus/ethash
  - consensus/misc
  - contracts/chequebook
  - contracts/chequebook/contract
  - core
  - core/bloombits
  - core/rawdb
  - core/state
  - core/types
  - core/vm
  - crypto
  - crypto/bn256
  - crypto/bn256/cloudflare
  - crypto/bn256/google
  - crypto/secp256k1
  - eth/filters
  - ethclient
  - ethdb
  - event
  - log
  - metrics
  - p2p/netutil
  - params
  - rlp
  - rpc
  - swarm/log
  - swarm/services/swap/swap
  - trie
- name: github.com/go-stack/stack
  version: 2fee6af1a9795aafbe0253a0cfbdf668e1fb8a9a
- name: github.com/golang/snappy
  version: 2a8bb927dd31d8daada140a5d09578521ce5c36a
- name: github.com/google/uuid
  version: c2e93f3ae59f2904160ceaab466009f965df46d6
- name: github.com/hashicorp/golang-lru
  version: 7087cb70de9f7a8bc0a10c375cb0d2280a8edf9c
  subpackages:
  - simplelru
- name: github.com/kisielk/gotool
  version: 80517062f582ea3340cd4baf70e86d539ae7d84d
- name: github.com/pborman/uuid
  version: 8b1b92947f46224e3b97bb1a3a5b0382be00d31e
- name: github.com/rjeczalik/notify
  version: 629144ba06a1c6af28c1e42c228e3d42594ce081
- name: github.com/rs/cors
  version: 76f58f330d76a55c5badc74f6212e8a15e742c77
- name: github.com/syndtr/goleveldb
  version: c3a204f8e96543bb0cc090385c001078f184fc46
  subpackages:
  - leveldb
  - leveldb/cache
  - leveldb/comparer
  - leveldb/errors
  - leveldb/filter
  - leveldb/iterator
  - leveldb/journal
  - leveldb/memdb
  - leveldb/opt
  - leveldb/storage
  - leveldb/table
  - leveldb/util
- name: golang.org/x/crypto
  version: df01cb2cc480549d72034218dd98bf97671450ac
  subpackages:
  - pbkdf2
  - ripemd160
  - scrypt
  - sha3
- name: golang.org/x/lint
  version: 959b441ac422379a43da2230f62be024250818b0
  repo: https://github.com/golang/lint
  vcs: git
  subpackages:
  - golint
- name: golang.org/x/net
  version: 1f3472d942ba824034fb77cab6a6cfc1bc8a2c3c
  subpackages:
  - websocket
- name: golang.org/x/sys
  version: f0ce4c0180bef7e9c51babed693a6e47fdd8962f
  subpackages:
  - cpu
  - unix
  - windows
- name: golang.org/x/tools
  version: 4796d4bd3df0a291c397154cd7d68f1290cf7deb
  subpackages:
  - cmd/goimports
- name: gopkg.in/natefinch/npipe.v2
  version: c1b8fa8bdccecb0b8db834ee0b92fdbcfa606dd6
- name: honnef.co/go/tools
  version: d73ab98e7c39fdcf9ba65062e43d34310f198353
  subpackages:
  - cmd/simple
  - cmd/staticcheck
  - cmd/unused
testImports: []
