hash: 70df60d1888ec09ce0f735ecd45f97a1269a6496de334b60eb36d7fc4a289f94
updated: 2018-07-16T14:42:20.403676418+03:00
imports:
- name: github.com/aristanetworks/goarista
  version: 18a2f1dd52bb9abbc1e898439df06c74f28f63a4
  subpackages:
  - monotime
- name: github.com/btcsuite/btcd
  version: 8cea3866d0f7fb12d567a20744942c0d078c7d15
  subpackages:
  - btcec
- name: github.com/edsrzf/mmap-go
  version: 0bce6a6887123b67a60366d2c9fe2dfb74289d2e
- name: github.com/ethereum/go-ethereum
  version: 37685930d953bcbe023f9bc65b135a8d8b8f1488
  subpackages:
  - accounts
  - accounts/abi
  - accounts/abi/bind
  - accounts/abi/bind/backends
  - accounts/keystore
  - common
  - common/bitutil
  - common/hexutil
  - common/math
  - common/mclock
  - consensus
  - consensus/ethash
  - consensus/misc
  - contracts/chequebook
  - contracts/chequebook/contract
  - core
  - core/bloombits
  - core/rawdb
  - core/state
  - core/types
  - core/vm
  - crypto
  - crypto/bn256
  - crypto/bn256/cloudflare
  - crypto/bn256/google
  - crypto/randentropy
  - crypto/secp256k1
  - crypto/sha3
  - eth/filters
  - ethdb
  - event
  - log
  - metrics
  - p2p/netutil
  - params
  - rlp
  - rpc
  - swarm/log
  - swarm/services/swap/swap
  - trie
- name: github.com/go-stack/stack
  version: 259ab82a6cad3992b4e21ff5cac294ccb06474bc
- name: github.com/golang/snappy
  version: 553a641470496b2327abcac10b36396bd98e45c9
- name: github.com/hashicorp/golang-lru
  version: 0fb14efe8c47ae851c0034ed7a448854d3d34cf3
  subpackages:
  - simplelru
- name: github.com/kisielk/gotool
  version: 80517062f582ea3340cd4baf70e86d539ae7d84d
- name: github.com/pborman/uuid
  version: e533369306653d193b93dae055f6083cbf8ba54f
- name: github.com/rjeczalik/notify
  version: e1801ee34d54c4bf45126ef51fe9750b4e42bee8
- name: github.com/rs/cors
  version: feef513b9575b32f84bafa580aad89b011259019
- name: github.com/syndtr/goleveldb
  version: 714f901b98fdb3aa954b4193d8cbd64a28d80cad
  subpackages:
  - leveldb
  - leveldb/cache
  - leveldb/comparer
  - leveldb/errors
  - leveldb/filter
  - leveldb/iterator
  - leveldb/journal
  - leveldb/memdb
  - leveldb/opt
  - leveldb/storage
  - leveldb/table
  - leveldb/util
- name: golang.org/x/crypto
  version: 1a580b3eff7814fc9b40602fd35256c63b50f491
  subpackages:
  - pbkdf2
  - ripemd160
  - scrypt
- name: golang.org/x/lint
  version: 06c8688daad7faa9da5a0c2f163a3d14aac986ca
  repo: https://github.com/golang/lint
  vcs: git
  subpackages:
  - golint
- name: golang.org/x/net
  version: d866cfc389cec985d6fda2859936a575a55a3ab6
  subpackages:
  - websocket
- name: golang.org/x/sys
  version: 8b4580aae2a0dd0c231a45d3ccb8434ff533b840
  subpackages:
  - unix
- name: golang.org/x/tools
  version: 64890f4e2b733655fee5077a5435a8812404c3a3
  subpackages:
  - cmd/goimports
  - go/ast/astutil
  - imports
- name: gopkg.in/fatih/set.v0
  version: 27c40922c40b43fe04554d8223a402af3ea333f3
- name: gopkg.in/karalabe/cookiejar.v2
  version: 8dcd6a7f4951f6ff3ee9cbb919a06d8925822e57
  subpackages:
  - collections/prque
- name: gopkg.in/natefinch/npipe.v2
  version: c1b8fa8bdccecb0b8db834ee0b92fdbcfa606dd6
- name: honnef.co/go/tools
  version: d73ab98e7c39fdcf9ba65062e43d34310f198353
  subpackages:
  - cmd/simple
  - cmd/staticcheck
  - cmd/unused
testImports: []
